
Microsoft Visual Studio Solution File, Format Version 12.00
# Visual Studio Version 16
VisualStudioVersion = 16.0.35731.53
MinimumVisualStudioVersion = 10.0.40219.1
Project("{8BC9CEB8-8B4A-11D0-8D11-00A0C91BC942}") = "数据类型", "数据类型.vcxproj", "{DB3844D5-A8B7-47DD-9FA1-E6A2EE314CE6}"
EndProject
Global
	GlobalSection(SolutionConfigurationPlatforms) = preSolution
		Debug|x64 = Debug|x64
		Debug|x86 = Debug|x86
		Release|x64 = Release|x64
		Release|x86 = Release|x86
	EndGlobalSection
	GlobalSection(ProjectConfigurationPlatforms) = postSolution
		{DB3844D5-A8B7-47DD-9FA1-E6A2EE314CE6}.Debug|x64.ActiveCfg = Debug|x64
		{DB3844D5-A8B7-47DD-9FA1-E6A2EE314CE6}.Debug|x64.Build.0 = Debug|x64
		{DB3844D5-A8B7-47DD-9FA1-E6A2EE314CE6}.Debug|x86.ActiveCfg = Debug|Win32
		{DB3844D5-A8B7-47DD-9FA1-E6A2EE314CE6}.Debug|x86.Build.0 = Debug|Win32
		{DB3844D5-A8B7-47DD-9FA1-E6A2EE314CE6}.Release|x64.ActiveCfg = Release|x64
		{DB3844D5-A8B7-47DD-9FA1-E6A2EE314CE6}.Release|x64.Build.0 = Release|x64
		{DB3844D5-A8B7-47DD-9FA1-E6A2EE314CE6}.Release|x86.ActiveCfg = Release|Win32
		{DB3844D5-A8B7-47DD-9FA1-E6A2EE314CE6}.Release|x86.Build.0 = Release|Win32
	EndGlobalSection
	GlobalSection(SolutionProperties) = preSolution
		HideSolutionNode = FALSE
	EndGlobalSection
	GlobalSection(ExtensibilityGlobals) = postSolution
		SolutionGuid = {16854D5A-262A-4800-BD59-19D857E6C6FA}
	EndGlobalSection
EndGlobal
