
Microsoft Visual Studio Solution File, Format Version 12.00
# Visual Studio Version 16
VisualStudioVersion = 16.0.35731.53
MinimumVisualStudioVersion = 10.0.40219.1
Project("{8BC9CEB8-8B4A-11D0-8D11-00A0C91BC942}") = "06 函数", "06 函数.vcxproj", "{B142405A-92DB-4239-A17A-AF641E98B14F}"
EndProject
Global
	GlobalSection(SolutionConfigurationPlatforms) = preSolution
		Debug|x64 = Debug|x64
		Debug|x86 = Debug|x86
		Release|x64 = Release|x64
		Release|x86 = Release|x86
	EndGlobalSection
	GlobalSection(ProjectConfigurationPlatforms) = postSolution
		{B142405A-92DB-4239-A17A-AF641E98B14F}.Debug|x64.ActiveCfg = Debug|x64
		{B142405A-92DB-4239-A17A-AF641E98B14F}.Debug|x64.Build.0 = Debug|x64
		{B142405A-92DB-4239-A17A-AF641E98B14F}.Debug|x86.ActiveCfg = Debug|Win32
		{B142405A-92DB-4239-A17A-AF641E98B14F}.Debug|x86.Build.0 = Debug|Win32
		{B142405A-92DB-4239-A17A-AF641E98B14F}.Release|x64.ActiveCfg = Release|x64
		{B142405A-92DB-4239-A17A-AF641E98B14F}.Release|x64.Build.0 = Release|x64
		{B142405A-92DB-4239-A17A-AF641E98B14F}.Release|x86.ActiveCfg = Release|Win32
		{B142405A-92DB-4239-A17A-AF641E98B14F}.Release|x86.Build.0 = Release|Win32
	EndGlobalSection
	GlobalSection(SolutionProperties) = preSolution
		HideSolutionNode = FALSE
	EndGlobalSection
	GlobalSection(ExtensibilityGlobals) = postSolution
		SolutionGuid = {ABCFBBA1-E8FD-4896-896F-D46974D1978A}
	EndGlobalSection
EndGlobal
