
Microsoft Visual Studio Solution File, Format Version 12.00
# Visual Studio Version 16
VisualStudioVersion = 16.0.35731.53
MinimumVisualStudioVersion = 10.0.40219.1
Project("{8BC9CEB8-8B4A-11D0-8D11-00A0C91BC942}") = "26 set容器", "26 set容器.vcxproj", "{024ADF48-0630-49D0-BB27-AA88D5698807}"
EndProject
Global
	GlobalSection(SolutionConfigurationPlatforms) = preSolution
		Debug|x64 = Debug|x64
		Debug|x86 = Debug|x86
		Release|x64 = Release|x64
		Release|x86 = Release|x86
	EndGlobalSection
	GlobalSection(ProjectConfigurationPlatforms) = postSolution
		{024ADF48-0630-49D0-BB27-AA88D5698807}.Debug|x64.ActiveCfg = Debug|x64
		{024ADF48-0630-49D0-BB27-AA88D5698807}.Debug|x64.Build.0 = Debug|x64
		{024ADF48-0630-49D0-BB27-AA88D5698807}.Debug|x86.ActiveCfg = Debug|Win32
		{024ADF48-0630-49D0-BB27-AA88D5698807}.Debug|x86.Build.0 = Debug|Win32
		{024ADF48-0630-49D0-BB27-AA88D5698807}.Release|x64.ActiveCfg = Release|x64
		{024ADF48-0630-49D0-BB27-AA88D5698807}.Release|x64.Build.0 = Release|x64
		{024ADF48-0630-49D0-BB27-AA88D5698807}.Release|x86.ActiveCfg = Release|Win32
		{024ADF48-0630-49D0-BB27-AA88D5698807}.Release|x86.Build.0 = Release|Win32
	EndGlobalSection
	GlobalSection(SolutionProperties) = preSolution
		HideSolutionNode = FALSE
	EndGlobalSection
	GlobalSection(ExtensibilityGlobals) = postSolution
		SolutionGuid = {BD338796-5E10-4BB8-A945-8D41B5BCEB2C}
	EndGlobalSection
EndGlobal
