
Microsoft Visual Studio Solution File, Format Version 12.00
# Visual Studio Version 16
VisualStudioVersion = 16.0.35731.53
MinimumVisualStudioVersion = 10.0.40219.1
Project("{8BC9CEB8-8B4A-11D0-8D11-00A0C91BC942}") = "04 程序流程结构2", "04 程序流程结构2.vcxproj", "{714BBE95-5946-49F4-A010-35FEBCD071E5}"
EndProject
Global
	GlobalSection(SolutionConfigurationPlatforms) = preSolution
		Debug|x64 = Debug|x64
		Debug|x86 = Debug|x86
		Release|x64 = Release|x64
		Release|x86 = Release|x86
	EndGlobalSection
	GlobalSection(ProjectConfigurationPlatforms) = postSolution
		{714BBE95-5946-49F4-A010-35FEBCD071E5}.Debug|x64.ActiveCfg = Debug|x64
		{714BBE95-5946-49F4-A010-35FEBCD071E5}.Debug|x64.Build.0 = Debug|x64
		{714BBE95-5946-49F4-A010-35FEBCD071E5}.Debug|x86.ActiveCfg = Debug|Win32
		{714BBE95-5946-49F4-A010-35FEBCD071E5}.Debug|x86.Build.0 = Debug|Win32
		{714BBE95-5946-49F4-A010-35FEBCD071E5}.Release|x64.ActiveCfg = Release|x64
		{714BBE95-5946-49F4-A010-35FEBCD071E5}.Release|x64.Build.0 = Release|x64
		{714BBE95-5946-49F4-A010-35FEBCD071E5}.Release|x86.ActiveCfg = Release|Win32
		{714BBE95-5946-49F4-A010-35FEBCD071E5}.Release|x86.Build.0 = Release|Win32
	EndGlobalSection
	GlobalSection(SolutionProperties) = preSolution
		HideSolutionNode = FALSE
	EndGlobalSection
	GlobalSection(ExtensibilityGlobals) = postSolution
		SolutionGuid = {29F5F0EB-6323-448F-904F-3A4839E22C4E}
	EndGlobalSection
EndGlobal
